
Microsoft Visual Studio Solution File, Format Version 12.00
# Visual Studio 15
VisualStudioVersion = 15.0.28010.2046
MinimumVisualStudioVersion = 10.0.40219.1
Project("{9A19103F-16F7-4668-BE54-9A1E7A4F7556}") = "NeuralNetwork", "NeuralNetwork\NeuralNetwork.csproj", "{EE2D67E3-DC96-435A-8677-5F7F1BEDFA80}"
EndProject
Project("{FAE04EC0-301F-11D3-BF4B-00C04F79EFBC}") = "NetworkTests", "NetworkTests\NetworkTests.csproj", "{0B81FFC7-AD27-4B20-A849-20EF41036FDB}"
EndProject
Project("{FAE04EC0-301F-11D3-BF4B-00C04F79EFBC}") = "ConsoleProject", "ConsoleProject\ConsoleProject.csproj", "{09D66A84-E64D-465A-819F-8253FAD83FD1}"
EndProject
Global
	GlobalSection(SolutionConfigurationPlatforms) = preSolution
		Debug|Any CPU = Debug|Any CPU
		Release|Any CPU = Release|Any CPU
	EndGlobalSection
	GlobalSection(ProjectConfigurationPlatforms) = postSolution
		{EE2D67E3-DC96-435A-8677-5F7F1BEDFA80}.Debug|Any CPU.ActiveCfg = Debug|Any CPU
		{EE2D67E3-DC96-435A-8677-5F7F1BEDFA80}.Debug|Any CPU.Build.0 = Debug|Any CPU
		{EE2D67E3-DC96-435A-8677-5F7F1BEDFA80}.Release|Any CPU.ActiveCfg = Release|Any CPU
		{EE2D67E3-DC96-435A-8677-5F7F1BEDFA80}.Release|Any CPU.Build.0 = Release|Any CPU
		{0B81FFC7-AD27-4B20-A849-20EF41036FDB}.Debug|Any CPU.ActiveCfg = Debug|Any CPU
		{0B81FFC7-AD27-4B20-A849-20EF41036FDB}.Debug|Any CPU.Build.0 = Debug|Any CPU
		{0B81FFC7-AD27-4B20-A849-20EF41036FDB}.Release|Any CPU.ActiveCfg = Release|Any CPU
		{0B81FFC7-AD27-4B20-A849-20EF41036FDB}.Release|Any CPU.Build.0 = Release|Any CPU
		{09D66A84-E64D-465A-819F-8253FAD83FD1}.Debug|Any CPU.ActiveCfg = Debug|Any CPU
		{09D66A84-E64D-465A-819F-8253FAD83FD1}.Debug|Any CPU.Build.0 = Debug|Any CPU
		{09D66A84-E64D-465A-819F-8253FAD83FD1}.Release|Any CPU.ActiveCfg = Release|Any CPU
		{09D66A84-E64D-465A-819F-8253FAD83FD1}.Release|Any CPU.Build.0 = Release|Any CPU
	EndGlobalSection
	GlobalSection(SolutionProperties) = preSolution
		HideSolutionNode = FALSE
	EndGlobalSection
	GlobalSection(ExtensibilityGlobals) = postSolution
		SolutionGuid = {962796CC-74E5-4674-B344-EAB1BE46BC55}
	EndGlobalSection
EndGlobal
